
Microsoft Visual Studio Solution File, Format Version 12.00
# Visual Studio Version 16
VisualStudioVersion = 16.0.31410.357
MinimumVisualStudioVersion = 10.0.40219.1
Project("{9A19103F-16F7-4668-BE54-9A1E7A4F7556}") = "XFConsole.Shared", "XFConsole.Shared\XFConsole.Shared.csproj", "{079733A7-15A2-45C1-9294-997496DF7865}"
EndProject
Project("{FAE04EC0-301F-11D3-BF4B-00C04F79EFBC}") = "XFConsole.Desktop", "XFConsole.Desktop\XFConsole.Desktop.csproj", "{2566DB1F-A15C-4B2E-ADEF-3DB6BC0AC03E}"
EndProject
Project("{FAE04EC0-301F-11D3-BF4B-00C04F79EFBC}") = "XFConsole.Tests", "XFConsole.Tests\XFConsole.Tests.csproj", "{921721D1-7692-4DE6-B90C-865E84341272}"
EndProject
Project("{FAE04EC0-301F-11D3-BF4B-00C04F79EFBC}") = "XFConsole.ConsoleApp", "XFConsole.ConsoleApp\XFConsole.ConsoleApp.csproj", "{057ABD1A-7ED3-4BBC-A236-AE7F031A1305}"
EndProject
Global
	GlobalSection(SolutionConfigurationPlatforms) = preSolution
		Debug|Any CPU = Debug|Any CPU
		Release|Any CPU = Release|Any CPU
	EndGlobalSection
	GlobalSection(ProjectConfigurationPlatforms) = postSolution
		{079733A7-15A2-45C1-9294-997496DF7865}.Debug|Any CPU.ActiveCfg = Debug|Any CPU
		{079733A7-15A2-45C1-9294-997496DF7865}.Debug|Any CPU.Build.0 = Debug|Any CPU
		{079733A7-15A2-45C1-9294-997496DF7865}.Release|Any CPU.ActiveCfg = Release|Any CPU
		{079733A7-15A2-45C1-9294-997496DF7865}.Release|Any CPU.Build.0 = Release|Any CPU
		{2566DB1F-A15C-4B2E-ADEF-3DB6BC0AC03E}.Debug|Any CPU.ActiveCfg = Debug|Any CPU
		{2566DB1F-A15C-4B2E-ADEF-3DB6BC0AC03E}.Debug|Any CPU.Build.0 = Debug|Any CPU
		{2566DB1F-A15C-4B2E-ADEF-3DB6BC0AC03E}.Release|Any CPU.ActiveCfg = Release|Any CPU
		{2566DB1F-A15C-4B2E-ADEF-3DB6BC0AC03E}.Release|Any CPU.Build.0 = Release|Any CPU
		{921721D1-7692-4DE6-B90C-865E84341272}.Debug|Any CPU.ActiveCfg = Debug|Any CPU
		{921721D1-7692-4DE6-B90C-865E84341272}.Debug|Any CPU.Build.0 = Debug|Any CPU
		{921721D1-7692-4DE6-B90C-865E84341272}.Release|Any CPU.ActiveCfg = Release|Any CPU
		{921721D1-7692-4DE6-B90C-865E84341272}.Release|Any CPU.Build.0 = Release|Any CPU
		{057ABD1A-7ED3-4BBC-A236-AE7F031A1305}.Debug|Any CPU.ActiveCfg = Debug|Any CPU
		{057ABD1A-7ED3-4BBC-A236-AE7F031A1305}.Debug|Any CPU.Build.0 = Debug|Any CPU
		{057ABD1A-7ED3-4BBC-A236-AE7F031A1305}.Release|Any CPU.ActiveCfg = Release|Any CPU
		{057ABD1A-7ED3-4BBC-A236-AE7F031A1305}.Release|Any CPU.Build.0 = Release|Any CPU
	EndGlobalSection
	GlobalSection(SolutionProperties) = preSolution
		HideSolutionNode = FALSE
	EndGlobalSection
	GlobalSection(ExtensibilityGlobals) = postSolution
		SolutionGuid = {8FC27839-6336-4C48-A0B5-0A4C1F953F1D}
	EndGlobalSection
EndGlobal
