
Microsoft Visual Studio Solution File, Format Version 12.00
# Visual Studio Version 16
VisualStudioVersion = 16.0.31410.357
MinimumVisualStudioVersion = 10.0.40219.1
Project("{9A19103F-16F7-4668-BE54-9A1E7A4F7556}") = "XFConsole.Shared", "XFConsole.Shared\XFConsole.Shared.csproj", "{079733A7-15A2-45C1-9294-997496DF7865}"
EndProject
Project("{9A19103F-16F7-4668-BE54-9A1E7A4F7556}") = "XFConsole.Desktop", "XFConsole.Desktop\XFConsole.Desktop.csproj", "{2566DB1F-A15C-4B2E-ADEF-3DB6BC0AC03E}"
EndProject
Project("{2150E333-8FDC-42A3-9474-1A3956D46DE8}") = "XFConsole Tests", "XFConsole Tests", "{1FECD01B-873D-4A72-8C1C-618BE170968B}"
EndProject
Project("{9A19103F-16F7-4668-BE54-9A1E7A4F7556}") = "XFConsole.Blazored", "XFConsole.Blazored\XFConsole.Blazored.csproj", "{D1D4F36C-7F91-402A-868E-F2638B4D195F}"
EndProject
Global
	GlobalSection(SolutionConfigurationPlatforms) = preSolution
		Debug|Any CPU = Debug|Any CPU
		Debug|Mixed Platforms = Debug|Mixed Platforms
		Debug|x86 = Debug|x86
		Release|Any CPU = Release|Any CPU
		Release|Mixed Platforms = Release|Mixed Platforms
		Release|x86 = Release|x86
	EndGlobalSection
	GlobalSection(ProjectConfigurationPlatforms) = postSolution
		{079733A7-15A2-45C1-9294-997496DF7865}.Debug|Any CPU.ActiveCfg = Debug|Any CPU
		{079733A7-15A2-45C1-9294-997496DF7865}.Debug|Any CPU.Build.0 = Debug|Any CPU
		{079733A7-15A2-45C1-9294-997496DF7865}.Debug|Mixed Platforms.ActiveCfg = Debug|Any CPU
		{079733A7-15A2-45C1-9294-997496DF7865}.Debug|Mixed Platforms.Build.0 = Debug|Any CPU
		{079733A7-15A2-45C1-9294-997496DF7865}.Debug|x86.ActiveCfg = Debug|Any CPU
		{079733A7-15A2-45C1-9294-997496DF7865}.Debug|x86.Build.0 = Debug|Any CPU
		{079733A7-15A2-45C1-9294-997496DF7865}.Release|Any CPU.ActiveCfg = Release|Any CPU
		{079733A7-15A2-45C1-9294-997496DF7865}.Release|Any CPU.Build.0 = Release|Any CPU
		{079733A7-15A2-45C1-9294-997496DF7865}.Release|Mixed Platforms.ActiveCfg = Release|Any CPU
		{079733A7-15A2-45C1-9294-997496DF7865}.Release|Mixed Platforms.Build.0 = Release|Any CPU
		{079733A7-15A2-45C1-9294-997496DF7865}.Release|x86.ActiveCfg = Release|Any CPU
		{079733A7-15A2-45C1-9294-997496DF7865}.Release|x86.Build.0 = Release|Any CPU
		{2566DB1F-A15C-4B2E-ADEF-3DB6BC0AC03E}.Debug|Any CPU.ActiveCfg = Debug|Any CPU
		{2566DB1F-A15C-4B2E-ADEF-3DB6BC0AC03E}.Debug|Any CPU.Build.0 = Debug|Any CPU
		{2566DB1F-A15C-4B2E-ADEF-3DB6BC0AC03E}.Debug|Mixed Platforms.ActiveCfg = Debug|Any CPU
		{2566DB1F-A15C-4B2E-ADEF-3DB6BC0AC03E}.Debug|Mixed Platforms.Build.0 = Debug|Any CPU
		{2566DB1F-A15C-4B2E-ADEF-3DB6BC0AC03E}.Debug|x86.ActiveCfg = Debug|Any CPU
		{2566DB1F-A15C-4B2E-ADEF-3DB6BC0AC03E}.Debug|x86.Build.0 = Debug|Any CPU
		{2566DB1F-A15C-4B2E-ADEF-3DB6BC0AC03E}.Release|Any CPU.ActiveCfg = Release|Any CPU
		{2566DB1F-A15C-4B2E-ADEF-3DB6BC0AC03E}.Release|Any CPU.Build.0 = Release|Any CPU
		{2566DB1F-A15C-4B2E-ADEF-3DB6BC0AC03E}.Release|Mixed Platforms.ActiveCfg = Release|Any CPU
		{2566DB1F-A15C-4B2E-ADEF-3DB6BC0AC03E}.Release|Mixed Platforms.Build.0 = Release|Any CPU
		{2566DB1F-A15C-4B2E-ADEF-3DB6BC0AC03E}.Release|x86.ActiveCfg = Release|Any CPU
		{2566DB1F-A15C-4B2E-ADEF-3DB6BC0AC03E}.Release|x86.Build.0 = Release|Any CPU
		{D1D4F36C-7F91-402A-868E-F2638B4D195F}.Debug|Any CPU.ActiveCfg = Debug|Any CPU
		{D1D4F36C-7F91-402A-868E-F2638B4D195F}.Debug|Any CPU.Build.0 = Debug|Any CPU
		{D1D4F36C-7F91-402A-868E-F2638B4D195F}.Debug|Mixed Platforms.ActiveCfg = Debug|Any CPU
		{D1D4F36C-7F91-402A-868E-F2638B4D195F}.Debug|Mixed Platforms.Build.0 = Debug|Any CPU
		{D1D4F36C-7F91-402A-868E-F2638B4D195F}.Debug|x86.ActiveCfg = Debug|Any CPU
		{D1D4F36C-7F91-402A-868E-F2638B4D195F}.Debug|x86.Build.0 = Debug|Any CPU
		{D1D4F36C-7F91-402A-868E-F2638B4D195F}.Release|Any CPU.ActiveCfg = Release|Any CPU
		{D1D4F36C-7F91-402A-868E-F2638B4D195F}.Release|Any CPU.Build.0 = Release|Any CPU
		{D1D4F36C-7F91-402A-868E-F2638B4D195F}.Release|Mixed Platforms.ActiveCfg = Release|Any CPU
		{D1D4F36C-7F91-402A-868E-F2638B4D195F}.Release|Mixed Platforms.Build.0 = Release|Any CPU
		{D1D4F36C-7F91-402A-868E-F2638B4D195F}.Release|x86.ActiveCfg = Release|Any CPU
		{D1D4F36C-7F91-402A-868E-F2638B4D195F}.Release|x86.Build.0 = Release|Any CPU
	EndGlobalSection
	GlobalSection(SolutionProperties) = preSolution
		HideSolutionNode = FALSE
	EndGlobalSection
	GlobalSection(ExtensibilityGlobals) = postSolution
		SolutionGuid = {8FC27839-6336-4C48-A0B5-0A4C1F953F1D}
	EndGlobalSection
EndGlobal
